{
  "requires": true,
  "lockfileVersion": 1,
  "dependencies": {
    "gl-matrix": {
      "version": "3.0.0",
      "resolved": "https://registry.npmjs.org/gl-matrix/-/gl-matrix-3.0.0.tgz",
      "integrity": "sha512-PD4mVH/C/Zs64kOozeFnKY8ybhgwxXXQYGWdB4h68krAHknWJgk9uKOn6z8YElh5//vs++90pb6csrTIDWnexA=="
    },
    "light3d.js": {
      "version": "1.0.0",
      "resolved": "https://registry.npmjs.org/light3d.js/-/light3d.js-1.0.0.tgz",
      "integrity": "sha512-vKr1ObElcjqumBsKRLBkh8FgTDrzonsYa6/J7ulmgYOG08qVsjr3C3kgPh+8r6bN/pwCaiXcCVfD7VDXtE4S0Q==",
      "requires": {
        "gl-matrix": "^3.0.0"
      }
    }
  }
}
